
Microsoft Visual Studio Solution File, Format Version 12.00
Project("{FAE04EC0-301F-11D3-BF4B-00C04F79EFBC}") = "LeetCode", "LeetCode\LeetCode.csproj", "{B5062717-F8B5-4B24-A6E9-8B9262727174}"
EndProject
Project("{FAE04EC0-301F-11D3-BF4B-00C04F79EFBC}") = "LeetCode.Tests", "LeetCode.Tests\LeetCode.Tests.csproj", "{43ADC0DF-2B9A-433A-BB45-55BFD27D9069}"
EndProject
Global
	GlobalSection(SolutionConfigurationPlatforms) = preSolution
		Debug|Any CPU = Debug|Any CPU
		Release|Any CPU = Release|Any CPU
	EndGlobalSection
	GlobalSection(ProjectConfigurationPlatforms) = postSolution
		{B5062717-F8B5-4B24-A6E9-8B9262727174}.Debug|Any CPU.ActiveCfg = Debug|Any CPU
		{B5062717-F8B5-4B24-A6E9-8B9262727174}.Debug|Any CPU.Build.0 = Debug|Any CPU
		{B5062717-F8B5-4B24-A6E9-8B9262727174}.Release|Any CPU.ActiveCfg = Release|Any CPU
		{B5062717-F8B5-4B24-A6E9-8B9262727174}.Release|Any CPU.Build.0 = Release|Any CPU
		{43ADC0DF-2B9A-433A-BB45-55BFD27D9069}.Debug|Any CPU.ActiveCfg = Debug|Any CPU
		{43ADC0DF-2B9A-433A-BB45-55BFD27D9069}.Debug|Any CPU.Build.0 = Debug|Any CPU
		{43ADC0DF-2B9A-433A-BB45-55BFD27D9069}.Release|Any CPU.ActiveCfg = Release|Any CPU
		{43ADC0DF-2B9A-433A-BB45-55BFD27D9069}.Release|Any CPU.Build.0 = Release|Any CPU
	EndGlobalSection
EndGlobal
